
Microsoft Visual Studio Solution File, Format Version 12.00
# Visual Studio Version 16
VisualStudioVersion = 16.0.32407.337
MinimumVisualStudioVersion = 10.0.40219.1
Project("{FAE04EC0-301F-11D3-BF4B-00C04F79EFBC}") = "TI3", "TI3\TI3.csproj", "{0CD63A18-6C44-4962-8972-F10D0ECB569F}"
EndProject
Global
	GlobalSection(SolutionConfigurationPlatforms) = preSolution
		Debug|Any CPU = Debug|Any CPU
		Release|Any CPU = Release|Any CPU
	EndGlobalSection
	GlobalSection(ProjectConfigurationPlatforms) = postSolution
		{0CD63A18-6C44-4962-8972-F10D0ECB569F}.Debug|Any CPU.ActiveCfg = Debug|Any CPU
		{0CD63A18-6C44-4962-8972-F10D0ECB569F}.Debug|Any CPU.Build.0 = Debug|Any CPU
		{0CD63A18-6C44-4962-8972-F10D0ECB569F}.Release|Any CPU.ActiveCfg = Release|Any CPU
		{0CD63A18-6C44-4962-8972-F10D0ECB569F}.Release|Any CPU.Build.0 = Release|Any CPU
	EndGlobalSection
	GlobalSection(SolutionProperties) = preSolution
		HideSolutionNode = FALSE
	EndGlobalSection
	GlobalSection(ExtensibilityGlobals) = postSolution
		SolutionGuid = {669FE279-A6C5-4EF5-8E7F-7E4245C9ED9D}
	EndGlobalSection
EndGlobal
